// !$*UTF8*$!
{
	archiveVersion = 1;
	classes = {
	};
	objectVersion = 52;
	objects = {

/* Begin PBXBuildFile section */
		0080EAD82369F83B008B2238 /* AppDelegate.swift in Sources */ = {isa = PBXBuildFile; fileRef = 0080EAD72369F83B008B2238 /* AppDelegate.swift */; };
		0080EADA2369F83B008B2238 /* SceneDelegate.swift in Sources */ = {isa = PBXBuildFile; fileRef = 0080EAD92369F83B008B2238 /* SceneDelegate.swift */; };
		0080EADC2369F83B008B2238 /* ViewController.swift in Sources */ = {isa = PBXBuildFile; fileRef = 0080EADB2369F83B008B2238 /* ViewController.swift */; };
		0080EADF2369F83B008B2238 /* Main.storyboard in Resources */ = {isa = PBXBuildFile; fileRef = 0080EADD2369F83B008B2238 /* Main.storyboard */; };
		0080EAE12369F83E008B2238 /* Assets.xcassets in Resources */ = {isa = PBXBuildFile; fileRef = 0080EAE02369F83E008B2238 /* Assets.xcassets */; };
		0080EAE42369F83E008B2238 /* LaunchScreen.storyboard in Resources */ = {isa = PBXBuildFile; fileRef = 0080EAE22369F83E008B2238 /* LaunchScreen.storyboard */; };
		29313856237117400046AAE0 /* TestViewController.swift in Sources */ = {isa = PBXBuildFile; fileRef = 29313855237117400046AAE0 /* TestViewController.swift */; };
		29666F9A239887AD0094C21A /* MessagesViewController.swift in Sources */ = {isa = PBXBuildFile; fileRef = 29666F99239887AD0094C21A /* MessagesViewController.swift */; };
		29C0CBF7236A5F5800FC35C5 /* SwiftUIKit in Frameworks */ = {isa = PBXBuildFile; productRef = 29C0CBF6236A5F5800FC35C5 /* SwiftUIKit */; };
/* End PBXBuildFile section */

/* Begin PBXFileReference section */
		0080EAD42369F83B008B2238 /* UI_Test.app */ = {isa = PBXFileReference; explicitFileType = wrapper.application; includeInIndex = 0; path = UI_Test.app; sourceTree = BUILT_PRODUCTS_DIR; };
		0080EAD72369F83B008B2238 /* AppDelegate.swift */ = {isa = PBXFileReference; lastKnownFileType = sourcecode.swift; path = AppDelegate.swift; sourceTree = "<group>"; };
		0080EAD92369F83B008B2238 /* SceneDelegate.swift */ = {isa = PBXFileReference; lastKnownFileType = sourcecode.swift; path = SceneDelegate.swift; sourceTree = "<group>"; };
		0080EADB2369F83B008B2238 /* ViewController.swift */ = {isa = PBXFileReference; lastKnownFileType = sourcecode.swift; path = ViewController.swift; sourceTree = "<group>"; };
		0080EADE2369F83B008B2238 /* Base */ = {isa = PBXFileReference; lastKnownFileType = file.storyboard; name = Base; path = Base.lproj/Main.storyboard; sourceTree = "<group>"; };
		0080EAE02369F83E008B2238 /* Assets.xcassets */ = {isa = PBXFileReference; lastKnownFileType = folder.assetcatalog; path = Assets.xcassets; sourceTree = "<group>"; };
		0080EAE32369F83E008B2238 /* Base */ = {isa = PBXFileReference; lastKnownFileType = file.storyboard; name = Base; path = Base.lproj/LaunchScreen.storyboard; sourceTree = "<group>"; };
		0080EAE52369F83E008B2238 /* Info.plist */ = {isa = PBXFileReference; lastKnownFileType = text.plist.xml; path = Info.plist; sourceTree = "<group>"; };
		29313855237117400046AAE0 /* TestViewController.swift */ = {isa = PBXFileReference; fileEncoding = 4; lastKnownFileType = sourcecode.swift; path = TestViewController.swift; sourceTree = "<group>"; };
		29666F99239887AD0094C21A /* MessagesViewController.swift */ = {isa = PBXFileReference; lastKnownFileType = sourcecode.swift; path = MessagesViewController.swift; sourceTree = "<group>"; };
		29FF20BE23A2FDE400A6E9D2 /* UI_Test.entitlements */ = {isa = PBXFileReference; lastKnownFileType = text.plist.entitlements; path = UI_Test.entitlements; sourceTree = "<group>"; };
/* End PBXFileReference section */

/* Begin PBXFrameworksBuildPhase section */
		0080EAD12369F83B008B2238 /* Frameworks */ = {
			isa = PBXFrameworksBuildPhase;
			buildActionMask = 2147483647;
			files = (
				29C0CBF7236A5F5800FC35C5 /* SwiftUIKit in Frameworks */,
			);
			runOnlyForDeploymentPostprocessing = 0;
		};
/* End PBXFrameworksBuildPhase section */

/* Begin PBXGroup section */
		0080EACB2369F83B008B2238 = {
			isa = PBXGroup;
			children = (
				0080EAD62369F83B008B2238 /* UI_Test */,
				0080EAD52369F83B008B2238 /* Products */,
			);
			sourceTree = "<group>";
		};
		0080EAD52369F83B008B2238 /* Products */ = {
			isa = PBXGroup;
			children = (
				0080EAD42369F83B008B2238 /* UI_Test.app */,
			);
			name = Products;
			sourceTree = "<group>";
		};
		0080EAD62369F83B008B2238 /* UI_Test */ = {
			isa = PBXGroup;
			children = (
				29FF20BE23A2FDE400A6E9D2 /* UI_Test.entitlements */,
				0080EAD72369F83B008B2238 /* AppDelegate.swift */,
				0080EAD92369F83B008B2238 /* SceneDelegate.swift */,
				0080EADB2369F83B008B2238 /* ViewController.swift */,
				29313855237117400046AAE0 /* TestViewController.swift */,
				29666F99239887AD0094C21A /* MessagesViewController.swift */,
				0080EADD2369F83B008B2238 /* Main.storyboard */,
				0080EAE02369F83E008B2238 /* Assets.xcassets */,
				0080EAE22369F83E008B2238 /* LaunchScreen.storyboard */,
				0080EAE52369F83E008B2238 /* Info.plist */,
			);
			path = UI_Test;
			sourceTree = "<group>";
		};
/* End PBXGroup section */

/* Begin PBXNativeTarget section */
		0080EAD32369F83B008B2238 /* UI_Test */ = {
			isa = PBXNativeTarget;
			buildConfigurationList = 0080EAE82369F83E008B2238 /* Build configuration list for PBXNativeTarget "UI_Test" */;
			buildPhases = (
				0080EAD02369F83B008B2238 /* Sources */,
				0080EAD12369F83B008B2238 /* Frameworks */,
				0080EAD22369F83B008B2238 /* Resources */,
			);
			buildRules = (
			);
			dependencies = (
			);
			name = UI_Test;
			packageProductDependencies = (
				29C0CBF6236A5F5800FC35C5 /* SwiftUIKit */,
			);
			productName = UI_Test;
			productReference = 0080EAD42369F83B008B2238 /* UI_Test.app */;
			productType = "com.apple.product-type.application";
		};
/* End PBXNativeTarget section */

/* Begin PBXProject section */
		0080EACC2369F83B008B2238 /* Project object */ = {
			isa = PBXProject;
			attributes = {
				LastSwiftUpdateCheck = 1100;
				LastUpgradeCheck = 1100;
				ORGANIZATIONNAME = ol;
				TargetAttributes = {
					0080EAD32369F83B008B2238 = {
						CreatedOnToolsVersion = 11.0;
					};
				};
			};
			buildConfigurationList = 0080EACF2369F83B008B2238 /* Build configuration list for PBXProject "UI_Test" */;
			compatibilityVersion = "Xcode 9.3";
			developmentRegion = en;
			hasScannedForEncodings = 0;
			knownRegions = (
				en,
				Base,
			);
			mainGroup = 0080EACB2369F83B008B2238;
			packageReferences = (
				0080EAEB2369F868008B2238 /* XCRemoteSwiftPackageReference "SwiftUIKit" */,
			);
			productRefGroup = 0080EAD52369F83B008B2238 /* Products */;
			projectDirPath = "";
			projectRoot = "";
			targets = (
				0080EAD32369F83B008B2238 /* UI_Test */,
			);
		};
/* End PBXProject section */

/* Begin PBXResourcesBuildPhase section */
		0080EAD22369F83B008B2238 /* Resources */ = {
			isa = PBXResourcesBuildPhase;
			buildActionMask = 2147483647;
			files = (
				0080EAE42369F83E008B2238 /* LaunchScreen.storyboard in Resources */,
				0080EAE12369F83E008B2238 /* Assets.xcassets in Resources */,
				0080EADF2369F83B008B2238 /* Main.storyboard in Resources */,
			);
			runOnlyForDeploymentPostprocessing = 0;
		};
/* End PBXResourcesBuildPhase section */

/* Begin PBXSourcesBuildPhase section */
		0080EAD02369F83B008B2238 /* Sources */ = {
			isa = PBXSourcesBuildPhase;
			buildActionMask = 2147483647;
			files = (
				29666F9A239887AD0094C21A /* MessagesViewController.swift in Sources */,
				0080EADC2369F83B008B2238 /* ViewController.swift in Sources */,
				0080EAD82369F83B008B2238 /* AppDelegate.swift in Sources */,
				29313856237117400046AAE0 /* TestViewController.swift in Sources */,
				0080EADA2369F83B008B2238 /* SceneDelegate.swift in Sources */,
			);
			runOnlyForDeploymentPostprocessing = 0;
		};
/* End PBXSourcesBuildPhase section */

/* Begin PBXVariantGroup section */
		0080EADD2369F83B008B2238 /* Main.storyboard */ = {
			isa = PBXVariantGroup;
			children = (
				0080EADE2369F83B008B2238 /* Base */,
			);
			name = Main.storyboard;
			sourceTree = "<group>";
		};
		0080EAE22369F83E008B2238 /* LaunchScreen.storyboard */ = {
			isa = PBXVariantGroup;
			children = (
				0080EAE32369F83E008B2238 /* Base */,
			);
			name = LaunchScreen.storyboard;
			sourceTree = "<group>";
		};
/* End PBXVariantGroup section */

/* Begin XCBuildConfiguration section */
		0080EAE62369F83E008B2238 /* Debug */ = {
			isa = XCBuildConfiguration;
			buildSettings = {
				ALWAYS_SEARCH_USER_PATHS = NO;
				CLANG_ANALYZER_NONNULL = YES;
				CLANG_ANALYZER_NUMBER_OBJECT_CONVERSION = YES_AGGRESSIVE;
				CLANG_CXX_LANGUAGE_STANDARD = "gnu++14";
				CLANG_CXX_LIBRARY = "libc++";
				CLANG_ENABLE_MODULES = YES;
				CLANG_ENABLE_OBJC_ARC = YES;
				CLANG_ENABLE_OBJC_WEAK = YES;
				CLANG_WARN_BLOCK_CAPTURE_AUTORELEASING = YES;
				CLANG_WARN_BOOL_CONVERSION = YES;
				CLANG_WARN_COMMA = YES;
				CLANG_WARN_CONSTANT_CONVERSION = YES;
				CLANG_WARN_DEPRECATED_OBJC_IMPLEMENTATIONS = YES;
				CLANG_WARN_DIRECT_OBJC_ISA_USAGE = YES_ERROR;
				CLANG_WARN_DOCUMENTATION_COMMENTS = YES;
				CLANG_WARN_EMPTY_BODY = YES;
				CLANG_WARN_ENUM_CONVERSION = YES;
				CLANG_WARN_INFINITE_RECURSION = YES;
				CLANG_WARN_INT_CONVERSION = YES;
				CLANG_WARN_NON_LITERAL_NULL_CONVERSION = YES;
				CLANG_WARN_OBJC_IMPLICIT_RETAIN_SELF = YES;
				CLANG_WARN_OBJC_LITERAL_CONVERSION = YES;
				CLANG_WARN_OBJC_ROOT_CLASS = YES_ERROR;
				CLANG_WARN_RANGE_LOOP_ANALYSIS = YES;
				CLANG_WARN_STRICT_PROTOTYPES = YES;
				CLANG_WARN_SUSPICIOUS_MOVE = YES;
				CLANG_WARN_UNGUARDED_AVAILABILITY = YES_AGGRESSIVE;
				CLANG_WARN_UNREACHABLE_CODE = YES;
				CLANG_WARN__DUPLICATE_METHOD_MATCH = YES;
				COPY_PHASE_STRIP = NO;
				DEBUG_INFORMATION_FORMAT = dwarf;
				ENABLE_STRICT_OBJC_MSGSEND = YES;
				ENABLE_TESTABILITY = YES;
				GCC_C_LANGUAGE_STANDARD = gnu11;
				GCC_DYNAMIC_NO_PIC = NO;
				GCC_NO_COMMON_BLOCKS = YES;
				GCC_OPTIMIZATION_LEVEL = 0;
				GCC_PREPROCESSOR_DEFINITIONS = (
					"DEBUG=1",
					"$(inherited)",
				);
				GCC_WARN_64_TO_32_BIT_CONVERSION = YES;
				GCC_WARN_ABOUT_RETURN_TYPE = YES_ERROR;
				GCC_WARN_UNDECLARED_SELECTOR = YES;
				GCC_WARN_UNINITIALIZED_AUTOS = YES_AGGRESSIVE;
				GCC_WARN_UNUSED_FUNCTION = YES;
				GCC_WARN_UNUSED_VARIABLE = YES;
				IPHONEOS_DEPLOYMENT_TARGET = 13.0;
				MTL_ENABLE_DEBUG_INFO = INCLUDE_SOURCE;
				MTL_FAST_MATH = YES;
				ONLY_ACTIVE_ARCH = YES;
				SDKROOT = iphoneos;
				SWIFT_ACTIVE_COMPILATION_CONDITIONS = DEBUG;
				SWIFT_OPTIMIZATION_LEVEL = "-Onone";
			};
			name = Debug;
		};
		0080EAE72369F83E008B2238 /* Release */ = {
			isa = XCBuildConfiguration;
			buildSettings = {
				ALWAYS_SEARCH_USER_PATHS = NO;
				CLANG_ANALYZER_NONNULL = YES;
				CLANG_ANALYZER_NUMBER_OBJECT_CONVERSION = YES_AGGRESSIVE;
				CLANG_CXX_LANGUAGE_STANDARD = "gnu++14";
				CLANG_CXX_LIBRARY = "libc++";
				CLANG_ENABLE_MODULES = YES;
				CLANG_ENABLE_OBJC_ARC = YES;
				CLANG_ENABLE_OBJC_WEAK = YES;
				CLANG_WARN_BLOCK_CAPTURE_AUTORELEASING = YES;
				CLANG_WARN_BOOL_CONVERSION = YES;
				CLANG_WARN_COMMA = YES;
				CLANG_WARN_CONSTANT_CONVERSION = YES;
				CLANG_WARN_DEPRECATED_OBJC_IMPLEMENTATIONS = YES;
				CLANG_WARN_DIRECT_OBJC_ISA_USAGE = YES_ERROR;
				CLANG_WARN_DOCUMENTATION_COMMENTS = YES;
				CLANG_WARN_EMPTY_BODY = YES;
				CLANG_WARN_ENUM_CONVERSION = YES;
				CLANG_WARN_INFINITE_RECURSION = YES;
				CLANG_WARN_INT_CONVERSION = YES;
				CLANG_WARN_NON_LITERAL_NULL_CONVERSION = YES;
				CLANG_WARN_OBJC_IMPLICIT_RETAIN_SELF = YES;
				CLANG_WARN_OBJC_LITERAL_CONVERSION = YES;
				CLANG_WARN_OBJC_ROOT_CLASS = YES_ERROR;
				CLANG_WARN_RANGE_LOOP_ANALYSIS = YES;
				CLANG_WARN_STRICT_PROTOTYPES = YES;
				CLANG_WARN_SUSPICIOUS_MOVE = YES;
				CLANG_WARN_UNGUARDED_AVAILABILITY = YES_AGGRESSIVE;
				CLANG_WARN_UNREACHABLE_CODE = YES;
				CLANG_WARN__DUPLICATE_METHOD_MATCH = YES;
				COPY_PHASE_STRIP = NO;
				DEBUG_INFORMATION_FORMAT = "dwarf-with-dsym";
				ENABLE_NS_ASSERTIONS = NO;
				ENABLE_STRICT_OBJC_MSGSEND = YES;
				GCC_C_LANGUAGE_STANDARD = gnu11;
				GCC_NO_COMMON_BLOCKS = YES;
				GCC_WARN_64_TO_32_BIT_CONVERSION = YES;
				GCC_WARN_ABOUT_RETURN_TYPE = YES_ERROR;
				GCC_WARN_UNDECLARED_SELECTOR = YES;
				GCC_WARN_UNINITIALIZED_AUTOS = YES_AGGRESSIVE;
				GCC_WARN_UNUSED_FUNCTION = YES;
				GCC_WARN_UNUSED_VARIABLE = YES;
				IPHONEOS_DEPLOYMENT_TARGET = 13.0;
				MTL_ENABLE_DEBUG_INFO = NO;
				MTL_FAST_MATH = YES;
				SDKROOT = iphoneos;
				SWIFT_COMPILATION_MODE = wholemodule;
				SWIFT_OPTIMIZATION_LEVEL = "-O";
				VALIDATE_PRODUCT = YES;
			};
			name = Release;
		};
		0080EAE92369F83E008B2238 /* Debug */ = {
			isa = XCBuildConfiguration;
			buildSettings = {
				ASSETCATALOG_COMPILER_APPICON_NAME = AppIcon;
				CODE_SIGN_ENTITLEMENTS = UI_Test/UI_Test.entitlements;
				CODE_SIGN_STYLE = Automatic;
				DERIVE_MACCATALYST_PRODUCT_BUNDLE_IDENTIFIER = YES;
				DEVELOPMENT_TEAM = 8M8SAX62V2;
				INFOPLIST_FILE = UI_Test/Info.plist;
				LD_RUNPATH_SEARCH_PATHS = (
					"$(inherited)",
					"@executable_path/Frameworks",
				);
				PRODUCT_BUNDLE_IDENTIFIER = "oneleif.UI-Test";
				PRODUCT_NAME = "$(TARGET_NAME)";
				SUPPORTS_MACCATALYST = YES;
				SWIFT_VERSION = 5.0;
				TARGETED_DEVICE_FAMILY = "1,2";
			};
			name = Debug;
		};
		0080EAEA2369F83E008B2238 /* Release */ = {
			isa = XCBuildConfiguration;
			buildSettings = {
				ASSETCATALOG_COMPILER_APPICON_NAME = AppIcon;
				CODE_SIGN_ENTITLEMENTS = UI_Test/UI_Test.entitlements;
				CODE_SIGN_STYLE = Automatic;
				DERIVE_MACCATALYST_PRODUCT_BUNDLE_IDENTIFIER = YES;
				DEVELOPMENT_TEAM = 8M8SAX62V2;
				INFOPLIST_FILE = UI_Test/Info.plist;
				LD_RUNPATH_SEARCH_PATHS = (
					"$(inherited)",
					"@executable_path/Frameworks",
				);
				PRODUCT_BUNDLE_IDENTIFIER = "oneleif.UI-Test";
				PRODUCT_NAME = "$(TARGET_NAME)";
				SUPPORTS_MACCATALYST = YES;
				SWIFT_VERSION = 5.0;
				TARGETED_DEVICE_FAMILY = "1,2";
			};
			name = Release;
		};
/* End XCBuildConfiguration section */

/* Begin XCConfigurationList section */
		0080EACF2369F83B008B2238 /* Build configuration list for PBXProject "UI_Test" */ = {
			isa = XCConfigurationList;
			buildConfigurations = (
				0080EAE62369F83E008B2238 /* Debug */,
				0080EAE72369F83E008B2238 /* Release */,
			);
			defaultConfigurationIsVisible = 0;
			defaultConfigurationName = Release;
		};
		0080EAE82369F83E008B2238 /* Build configuration list for PBXNativeTarget "UI_Test" */ = {
			isa = XCConfigurationList;
			buildConfigurations = (
				0080EAE92369F83E008B2238 /* Debug */,
				0080EAEA2369F83E008B2238 /* Release */,
			);
			defaultConfigurationIsVisible = 0;
			defaultConfigurationName = Release;
		};
/* End XCConfigurationList section */

/* Begin XCRemoteSwiftPackageReference section */
		0080EAEB2369F868008B2238 /* XCRemoteSwiftPackageReference "SwiftUIKit" */ = {
			isa = XCRemoteSwiftPackageReference;
			repositoryURL = "https://github.com/zmeriksen/SwiftUIKit.git";
			requirement = {
				branch = develop;
				kind = branch;
			};
		};
/* End XCRemoteSwiftPackageReference section */

/* Begin XCSwiftPackageProductDependency section */
		29C0CBF6236A5F5800FC35C5 /* SwiftUIKit */ = {
			isa = XCSwiftPackageProductDependency;
			package = 0080EAEB2369F868008B2238 /* XCRemoteSwiftPackageReference "SwiftUIKit" */;
			productName = SwiftUIKit;
		};
/* End XCSwiftPackageProductDependency section */
	};
	rootObject = 0080EACC2369F83B008B2238 /* Project object */;
}
