{
  "object": {
    "pins": [
      {
        "package": "SwiftUIKit",
        "repositoryURL": "https://github.com/zmeriksen/SwiftUIKit.git",
        "state": {
          "branch": "release/v1.0.0",
          "revision": "9cfb8c02ef8c880f8087b49948435bbfe5cd4332",
          "version": null
        }
      }
    ]
  },
  "version": 1
}
