{
  "object": {
    "pins": [
      {
        "package": "SwiftUIKit",
        "repositoryURL": "https://github.com/zmeriksen/SwiftUIKit.git",
        "state": {
          "branch": null,
          "revision": "f8548ecb814d7a9aa06ed724031e4f347144bf7e",
          "version": "0.3.0"
        }
      }
    ]
  },
  "version": 1
}
