{
  "object": {
    "pins": [
      {
        "package": "SwiftUIKit",
        "repositoryURL": "https://github.com/zmeriksen/SwiftUIKit.git",
        "state": {
          "branch": "feature/metal",
          "revision": "552f43207e984db01a5f91845ab634af09f2f15f",
          "version": null
        }
      }
    ]
  },
  "version": 1
}
